
Microsoft Visual Studio Solution File, Format Version 12.00
# Visual Studio Version 17
VisualStudioVersion = 17.3.32929.385
MinimumVisualStudioVersion = 10.0.40219.1
Project("{FAE04EC0-301F-11D3-BF4B-00C04F79EFBC}") = "ObserverPatternBasicImplementation", "ObserverPatternBasicImplementation\ObserverPatternBasicImplementation.csproj", "{18AC44EC-233D-4651-8F71-49D08B516C6C}"
EndProject
Global
	GlobalSection(SolutionConfigurationPlatforms) = preSolution
		Debug|Any CPU = Debug|Any CPU
		Release|Any CPU = Release|Any CPU
	EndGlobalSection
	GlobalSection(ProjectConfigurationPlatforms) = postSolution
		{18AC44EC-233D-4651-8F71-49D08B516C6C}.Debug|Any CPU.ActiveCfg = Debug|Any CPU
		{18AC44EC-233D-4651-8F71-49D08B516C6C}.Debug|Any CPU.Build.0 = Debug|Any CPU
		{18AC44EC-233D-4651-8F71-49D08B516C6C}.Release|Any CPU.ActiveCfg = Release|Any CPU
		{18AC44EC-233D-4651-8F71-49D08B516C6C}.Release|Any CPU.Build.0 = Release|Any CPU
	EndGlobalSection
	GlobalSection(SolutionProperties) = preSolution
		HideSolutionNode = FALSE
	EndGlobalSection
	GlobalSection(ExtensibilityGlobals) = postSolution
		SolutionGuid = {EDA9B1F2-DA8D-4D98-8F9D-24B76AD65703}
	EndGlobalSection
EndGlobal
